
Microsoft Visual Studio Solution File, Format Version 12.00
# Visual Studio Version 17
VisualStudioVersion = 17.5.33627.172
MinimumVisualStudioVersion = 10.0.40219.1
Project("{9A19103F-16F7-4668-BE54-9A1E7A4F7556}") = "Main", "DesignPatternsPractise\Main.csproj", "{2B6D2964-FBC2-45BE-B3BB-89C6A4E357CA}"
EndProject
Project("{9A19103F-16F7-4668-BE54-9A1E7A4F7556}") = "Builder", "Builder\Builder.csproj", "{CCF9B61C-79FB-48F8-A42A-1B6EDEF1D0C6}"
EndProject
Project("{9A19103F-16F7-4668-BE54-9A1E7A4F7556}") = "Factory", "Factory\Factory.csproj", "{CF994FDB-A3F6-42D2-84DF-2DB1EFB495A8}"
EndProject
Project("{9A19103F-16F7-4668-BE54-9A1E7A4F7556}") = "Singleton", "Singleton\Singleton.csproj", "{38FD9033-4434-4F95-AA2D-279B7DC29332}"
EndProject
Project("{9A19103F-16F7-4668-BE54-9A1E7A4F7556}") = "Adapter", "Adapter\Adapter.csproj", "{7A08E56D-9491-456B-BBA5-4548157A5CA9}"
EndProject
Project("{9A19103F-16F7-4668-BE54-9A1E7A4F7556}") = "Bridge", "Bridge\Bridge.csproj", "{88C238D0-45BC-4560-A056-29DEBB3E96B4}"
EndProject
Project("{9A19103F-16F7-4668-BE54-9A1E7A4F7556}") = "Composite", "Composite\Composite.csproj", "{DC0489AA-35EF-40A1-8891-91DB0D37DFC4}"
EndProject
Project("{9A19103F-16F7-4668-BE54-9A1E7A4F7556}") = "Decorator", "Decorator\Decorator.csproj", "{F4AB1411-6D51-4FBC-9831-E2A84E054EF1}"
EndProject
Project("{9A19103F-16F7-4668-BE54-9A1E7A4F7556}") = "Flyweight", "Flyweight\Flyweight.csproj", "{32274B8D-61A6-423B-A326-DD35AF8ABF03}"
EndProject
Project("{9A19103F-16F7-4668-BE54-9A1E7A4F7556}") = "Proxy", "Proxy\Proxy.csproj", "{BABB3B6A-1E37-4488-99BE-A5C0292CE0D8}"
EndProject
Project("{2150E333-8FDC-42A3-9474-1A3956D46DE8}") = "Solution Items", "Solution Items", "{4B2384FF-F10B-4BFC-8BDC-0EB95711AF28}"
	ProjectSection(SolutionItems) = preProject
		.editorconfig = .editorconfig
	EndProjectSection
EndProject
Project("{9A19103F-16F7-4668-BE54-9A1E7A4F7556}") = "ChainOfResponsibility", "ChainOfResponsibility\ChainOfResponsibility.csproj", "{45216583-217A-4C90-A2DD-0B931C27B3AB}"
EndProject
Project("{9A19103F-16F7-4668-BE54-9A1E7A4F7556}") = "Interpreter", "Interpreter\Interpreter.csproj", "{BD4A09A4-CFAF-40D2-B357-8977CCF38783}"
EndProject
Project("{9A19103F-16F7-4668-BE54-9A1E7A4F7556}") = "Iterator", "Iterator\Iterator.csproj", "{F210EE19-2834-428F-9A52-6FCD80689987}"
EndProject
Project("{FAE04EC0-301F-11D3-BF4B-00C04F79EFBC}") = "Mediator", "Mediator\Mediator.csproj", "{1F00D5D9-F239-49D6-BF14-B5AE4C60681C}"
EndProject
Global
	GlobalSection(SolutionConfigurationPlatforms) = preSolution
		Debug|Any CPU = Debug|Any CPU
		Release|Any CPU = Release|Any CPU
	EndGlobalSection
	GlobalSection(ProjectConfigurationPlatforms) = postSolution
		{2B6D2964-FBC2-45BE-B3BB-89C6A4E357CA}.Debug|Any CPU.ActiveCfg = Debug|Any CPU
		{2B6D2964-FBC2-45BE-B3BB-89C6A4E357CA}.Debug|Any CPU.Build.0 = Debug|Any CPU
		{2B6D2964-FBC2-45BE-B3BB-89C6A4E357CA}.Release|Any CPU.ActiveCfg = Release|Any CPU
		{2B6D2964-FBC2-45BE-B3BB-89C6A4E357CA}.Release|Any CPU.Build.0 = Release|Any CPU
		{CCF9B61C-79FB-48F8-A42A-1B6EDEF1D0C6}.Debug|Any CPU.ActiveCfg = Debug|Any CPU
		{CCF9B61C-79FB-48F8-A42A-1B6EDEF1D0C6}.Debug|Any CPU.Build.0 = Debug|Any CPU
		{CCF9B61C-79FB-48F8-A42A-1B6EDEF1D0C6}.Release|Any CPU.ActiveCfg = Release|Any CPU
		{CCF9B61C-79FB-48F8-A42A-1B6EDEF1D0C6}.Release|Any CPU.Build.0 = Release|Any CPU
		{CF994FDB-A3F6-42D2-84DF-2DB1EFB495A8}.Debug|Any CPU.ActiveCfg = Debug|Any CPU
		{CF994FDB-A3F6-42D2-84DF-2DB1EFB495A8}.Debug|Any CPU.Build.0 = Debug|Any CPU
		{CF994FDB-A3F6-42D2-84DF-2DB1EFB495A8}.Release|Any CPU.ActiveCfg = Release|Any CPU
		{CF994FDB-A3F6-42D2-84DF-2DB1EFB495A8}.Release|Any CPU.Build.0 = Release|Any CPU
		{38FD9033-4434-4F95-AA2D-279B7DC29332}.Debug|Any CPU.ActiveCfg = Debug|Any CPU
		{38FD9033-4434-4F95-AA2D-279B7DC29332}.Debug|Any CPU.Build.0 = Debug|Any CPU
		{38FD9033-4434-4F95-AA2D-279B7DC29332}.Release|Any CPU.ActiveCfg = Release|Any CPU
		{38FD9033-4434-4F95-AA2D-279B7DC29332}.Release|Any CPU.Build.0 = Release|Any CPU
		{7A08E56D-9491-456B-BBA5-4548157A5CA9}.Debug|Any CPU.ActiveCfg = Debug|Any CPU
		{7A08E56D-9491-456B-BBA5-4548157A5CA9}.Debug|Any CPU.Build.0 = Debug|Any CPU
		{7A08E56D-9491-456B-BBA5-4548157A5CA9}.Release|Any CPU.ActiveCfg = Release|Any CPU
		{7A08E56D-9491-456B-BBA5-4548157A5CA9}.Release|Any CPU.Build.0 = Release|Any CPU
		{88C238D0-45BC-4560-A056-29DEBB3E96B4}.Debug|Any CPU.ActiveCfg = Debug|Any CPU
		{88C238D0-45BC-4560-A056-29DEBB3E96B4}.Debug|Any CPU.Build.0 = Debug|Any CPU
		{88C238D0-45BC-4560-A056-29DEBB3E96B4}.Release|Any CPU.ActiveCfg = Release|Any CPU
		{88C238D0-45BC-4560-A056-29DEBB3E96B4}.Release|Any CPU.Build.0 = Release|Any CPU
		{DC0489AA-35EF-40A1-8891-91DB0D37DFC4}.Debug|Any CPU.ActiveCfg = Debug|Any CPU
		{DC0489AA-35EF-40A1-8891-91DB0D37DFC4}.Debug|Any CPU.Build.0 = Debug|Any CPU
		{DC0489AA-35EF-40A1-8891-91DB0D37DFC4}.Release|Any CPU.ActiveCfg = Release|Any CPU
		{DC0489AA-35EF-40A1-8891-91DB0D37DFC4}.Release|Any CPU.Build.0 = Release|Any CPU
		{F4AB1411-6D51-4FBC-9831-E2A84E054EF1}.Debug|Any CPU.ActiveCfg = Debug|Any CPU
		{F4AB1411-6D51-4FBC-9831-E2A84E054EF1}.Debug|Any CPU.Build.0 = Debug|Any CPU
		{F4AB1411-6D51-4FBC-9831-E2A84E054EF1}.Release|Any CPU.ActiveCfg = Release|Any CPU
		{F4AB1411-6D51-4FBC-9831-E2A84E054EF1}.Release|Any CPU.Build.0 = Release|Any CPU
		{32274B8D-61A6-423B-A326-DD35AF8ABF03}.Debug|Any CPU.ActiveCfg = Debug|Any CPU
		{32274B8D-61A6-423B-A326-DD35AF8ABF03}.Debug|Any CPU.Build.0 = Debug|Any CPU
		{32274B8D-61A6-423B-A326-DD35AF8ABF03}.Release|Any CPU.ActiveCfg = Release|Any CPU
		{32274B8D-61A6-423B-A326-DD35AF8ABF03}.Release|Any CPU.Build.0 = Release|Any CPU
		{BABB3B6A-1E37-4488-99BE-A5C0292CE0D8}.Debug|Any CPU.ActiveCfg = Debug|Any CPU
		{BABB3B6A-1E37-4488-99BE-A5C0292CE0D8}.Debug|Any CPU.Build.0 = Debug|Any CPU
		{BABB3B6A-1E37-4488-99BE-A5C0292CE0D8}.Release|Any CPU.ActiveCfg = Release|Any CPU
		{BABB3B6A-1E37-4488-99BE-A5C0292CE0D8}.Release|Any CPU.Build.0 = Release|Any CPU
		{45216583-217A-4C90-A2DD-0B931C27B3AB}.Debug|Any CPU.ActiveCfg = Debug|Any CPU
		{45216583-217A-4C90-A2DD-0B931C27B3AB}.Debug|Any CPU.Build.0 = Debug|Any CPU
		{45216583-217A-4C90-A2DD-0B931C27B3AB}.Release|Any CPU.ActiveCfg = Release|Any CPU
		{45216583-217A-4C90-A2DD-0B931C27B3AB}.Release|Any CPU.Build.0 = Release|Any CPU
		{BD4A09A4-CFAF-40D2-B357-8977CCF38783}.Debug|Any CPU.ActiveCfg = Debug|Any CPU
		{BD4A09A4-CFAF-40D2-B357-8977CCF38783}.Debug|Any CPU.Build.0 = Debug|Any CPU
		{BD4A09A4-CFAF-40D2-B357-8977CCF38783}.Release|Any CPU.ActiveCfg = Release|Any CPU
		{BD4A09A4-CFAF-40D2-B357-8977CCF38783}.Release|Any CPU.Build.0 = Release|Any CPU
		{F210EE19-2834-428F-9A52-6FCD80689987}.Debug|Any CPU.ActiveCfg = Debug|Any CPU
		{F210EE19-2834-428F-9A52-6FCD80689987}.Debug|Any CPU.Build.0 = Debug|Any CPU
		{F210EE19-2834-428F-9A52-6FCD80689987}.Release|Any CPU.ActiveCfg = Release|Any CPU
		{F210EE19-2834-428F-9A52-6FCD80689987}.Release|Any CPU.Build.0 = Release|Any CPU
		{1F00D5D9-F239-49D6-BF14-B5AE4C60681C}.Debug|Any CPU.ActiveCfg = Debug|Any CPU
		{1F00D5D9-F239-49D6-BF14-B5AE4C60681C}.Debug|Any CPU.Build.0 = Debug|Any CPU
		{1F00D5D9-F239-49D6-BF14-B5AE4C60681C}.Release|Any CPU.ActiveCfg = Release|Any CPU
		{1F00D5D9-F239-49D6-BF14-B5AE4C60681C}.Release|Any CPU.Build.0 = Release|Any CPU
	EndGlobalSection
	GlobalSection(SolutionProperties) = preSolution
		HideSolutionNode = FALSE
	EndGlobalSection
	GlobalSection(ExtensibilityGlobals) = postSolution
		SolutionGuid = {5180DA99-971D-4F21-AABF-CE729C747F1B}
	EndGlobalSection
EndGlobal
